// !$*UTF8*$!
{
	archiveVersion = 1;
	classes = {
	};
	objectVersion = 46;
	objects = {

/* Begin PBXBuildFile section */
		25413A6B17438C90001A4694 /* libcocos2dx.a in Frameworks */ = {isa = PBXBuildFile; fileRef = 259FA301173BAEE70024100D /* libcocos2dx.a */; };
		25413A7617439006001A4694 /* ItemScene.cpp in Sources */ = {isa = PBXBuildFile; fileRef = 25DC1F5B1742185E0075DF12 /* ItemScene.cpp */; };
		25413AD617439C6A001A4694 /* libcocos2dx-talkingdata.a in Frameworks */ = {isa = PBXBuildFile; fileRef = 25413AD517439C62001A4694 /* libcocos2dx-talkingdata.a */; };
		25413AD817439E84001A4694 /* AdSupport.framework in Frameworks */ = {isa = PBXBuildFile; fileRef = 25413AD717439E84001A4694 /* AdSupport.framework */; };
		25591CE5173CD89700F5AA87 /* OpenGLES.framework in Frameworks */ = {isa = PBXBuildFile; fileRef = 25591CE4173CD89700F5AA87 /* OpenGLES.framework */; };
		25591D05173CD9A500F5AA87 /* AppController.mm in Sources */ = {isa = PBXBuildFile; fileRef = 25591CFD173CD9A500F5AA87 /* AppController.mm */; };
		25591D06173CD9A500F5AA87 /* main.m in Sources */ = {isa = PBXBuildFile; fileRef = 25591CFE173CD9A500F5AA87 /* main.m */; };
		25591D07173CD9A500F5AA87 /* RootViewController.mm in Sources */ = {isa = PBXBuildFile; fileRef = 25591D00173CD9A500F5AA87 /* RootViewController.mm */; };
		25591D08173CD9A500F5AA87 /* Default-568h@2x.png in Resources */ = {isa = PBXBuildFile; fileRef = 25591D02173CD9A500F5AA87 /* Default-568h@2x.png */; };
		25591D09173CD9A500F5AA87 /* Default.png in Resources */ = {isa = PBXBuildFile; fileRef = 25591D03173CD9A500F5AA87 /* Default.png */; };
		25591D0A173CD9A500F5AA87 /* Default@2x.png in Resources */ = {isa = PBXBuildFile; fileRef = 25591D04173CD9A500F5AA87 /* Default@2x.png */; };
		25591D30173CEC3100F5AA87 /* CoreTelephony.framework in Frameworks */ = {isa = PBXBuildFile; fileRef = 25591D2F173CEC3100F5AA87 /* CoreTelephony.framework */; };
		259FA2C6173BADDC0024100D /* UIKit.framework in Frameworks */ = {isa = PBXBuildFile; fileRef = 259FA2C5173BADDC0024100D /* UIKit.framework */; };
		259FA2C8173BADDC0024100D /* Foundation.framework in Frameworks */ = {isa = PBXBuildFile; fileRef = 259FA2C7173BADDC0024100D /* Foundation.framework */; };
		259FA2CA173BADDC0024100D /* CoreGraphics.framework in Frameworks */ = {isa = PBXBuildFile; fileRef = 259FA2C9173BADDC0024100D /* CoreGraphics.framework */; };
		259FA2EE173BAEC10024100D /* AppDelegate.cpp in Sources */ = {isa = PBXBuildFile; fileRef = 259FA2EA173BAEC10024100D /* AppDelegate.cpp */; };
		259FA2EF173BAEC10024100D /* AccountScene.cpp in Sources */ = {isa = PBXBuildFile; fileRef = 259FA2EC173BAEC10024100D /* AccountScene.cpp */; };
		259FA320173BB3520024100D /* QuartzCore.framework in Frameworks */ = {isa = PBXBuildFile; fileRef = 259FA31F173BB3520024100D /* QuartzCore.framework */; };
		259FA322173BB36E0024100D /* libxml2.dylib in Frameworks */ = {isa = PBXBuildFile; fileRef = 259FA321173BB36E0024100D /* libxml2.dylib */; };
		259FA324173BB3850024100D /* libz.dylib in Frameworks */ = {isa = PBXBuildFile; fileRef = 259FA323173BB3850024100D /* libz.dylib */; };
		25DC1EF81740D4B20075DF12 /* close_normal.png in Resources */ = {isa = PBXBuildFile; fileRef = 25DC1EF61740D4B20075DF12 /* close_normal.png */; };
		25DC1EF91740D4B20075DF12 /* close_pressed.png in Resources */ = {isa = PBXBuildFile; fileRef = 25DC1EF71740D4B20075DF12 /* close_pressed.png */; };
		25DC1F0B1740DF6B0075DF12 /* Icon-57.png in Resources */ = {isa = PBXBuildFile; fileRef = 25DC1F071740DF6B0075DF12 /* Icon-57.png */; };
		25DC1F0C1740DF6B0075DF12 /* Icon-72.png in Resources */ = {isa = PBXBuildFile; fileRef = 25DC1F081740DF6B0075DF12 /* Icon-72.png */; };
		25DC1F0D1740DF6B0075DF12 /* Icon-114.png in Resources */ = {isa = PBXBuildFile; fileRef = 25DC1F091740DF6B0075DF12 /* Icon-114.png */; };
		25DC1F0E1740DF6B0075DF12 /* Icon-144.png in Resources */ = {isa = PBXBuildFile; fileRef = 25DC1F0A1740DF6B0075DF12 /* Icon-144.png */; };
		25DC1F131740EF830075DF12 /* b1.png in Resources */ = {isa = PBXBuildFile; fileRef = 25DC1F0F1740EF830075DF12 /* b1.png */; };
		25DC1F141740EF830075DF12 /* b2.png in Resources */ = {isa = PBXBuildFile; fileRef = 25DC1F101740EF830075DF12 /* b2.png */; };
		25DC1F151740EF830075DF12 /* f1.png in Resources */ = {isa = PBXBuildFile; fileRef = 25DC1F111740EF830075DF12 /* f1.png */; };
		25DC1F161740EF830075DF12 /* f2.png in Resources */ = {isa = PBXBuildFile; fileRef = 25DC1F121740EF830075DF12 /* f2.png */; };
		25DC1F621742185E0075DF12 /* MissionScene.cpp in Sources */ = {isa = PBXBuildFile; fileRef = 25DC1F5D1742185E0075DF12 /* MissionScene.cpp */; };
		25DC1F631742185E0075DF12 /* VirtualCurrencyScene.cpp in Sources */ = {isa = PBXBuildFile; fileRef = 25DC1F5F1742185E0075DF12 /* VirtualCurrencyScene.cpp */; };
/* End PBXBuildFile section */

/* Begin PBXContainerItemProxy section */
		25413AAD174394DF001A4694 /* PBXContainerItemProxy */ = {
			isa = PBXContainerItemProxy;
			containerPortal = 259FA2F9173BAEE60024100D /* cocos2dx.xcodeproj */;
			proxyType = 1;
			remoteGlobalIDString = 1551A33E158F2AB200E66CFE;
			remoteInfo = cocos2dx;
		};
		25413AD417439C62001A4694 /* PBXContainerItemProxy */ = {
			isa = PBXContainerItemProxy;
			containerPortal = 259FA2F0173BAED90024100D /* cocos2dx-talkingdata.xcodeproj */;
			proxyType = 2;
			remoteGlobalIDString = 25EA06C41739F1DC005EF56D;
			remoteInfo = "cocos2dx-talkingdata";
		};
		259FA300173BAEE70024100D /* PBXContainerItemProxy */ = {
			isa = PBXContainerItemProxy;
			containerPortal = 259FA2F9173BAEE60024100D /* cocos2dx.xcodeproj */;
			proxyType = 2;
			remoteGlobalIDString = 1551A33F158F2AB200E66CFE;
			remoteInfo = cocos2dx;
		};
/* End PBXContainerItemProxy section */

/* Begin PBXFileReference section */
		25413AD717439E84001A4694 /* AdSupport.framework */ = {isa = PBXFileReference; lastKnownFileType = wrapper.framework; name = AdSupport.framework; path = System/Library/Frameworks/AdSupport.framework; sourceTree = SDKROOT; };
		25591CE4173CD89700F5AA87 /* OpenGLES.framework */ = {isa = PBXFileReference; lastKnownFileType = wrapper.framework; name = OpenGLES.framework; path = System/Library/Frameworks/OpenGLES.framework; sourceTree = SDKROOT; };
		25591CFC173CD9A500F5AA87 /* AppController.h */ = {isa = PBXFileReference; fileEncoding = 4; lastKnownFileType = sourcecode.c.h; path = AppController.h; sourceTree = "<group>"; };
		25591CFD173CD9A500F5AA87 /* AppController.mm */ = {isa = PBXFileReference; fileEncoding = 4; lastKnownFileType = sourcecode.cpp.objcpp; path = AppController.mm; sourceTree = "<group>"; };
		25591CFE173CD9A500F5AA87 /* main.m */ = {isa = PBXFileReference; fileEncoding = 4; lastKnownFileType = sourcecode.c.objc; path = main.m; sourceTree = "<group>"; };
		25591CFF173CD9A500F5AA87 /* RootViewController.h */ = {isa = PBXFileReference; fileEncoding = 4; lastKnownFileType = sourcecode.c.h; path = RootViewController.h; sourceTree = "<group>"; };
		25591D00173CD9A500F5AA87 /* RootViewController.mm */ = {isa = PBXFileReference; fileEncoding = 4; lastKnownFileType = sourcecode.cpp.objcpp; path = RootViewController.mm; sourceTree = "<group>"; };
		25591D02173CD9A500F5AA87 /* Default-568h@2x.png */ = {isa = PBXFileReference; lastKnownFileType = image.png; path = "Default-568h@2x.png"; sourceTree = "<group>"; };
		25591D03173CD9A500F5AA87 /* Default.png */ = {isa = PBXFileReference; lastKnownFileType = image.png; path = Default.png; sourceTree = "<group>"; };
		25591D04173CD9A500F5AA87 /* Default@2x.png */ = {isa = PBXFileReference; lastKnownFileType = image.png; path = "Default@2x.png"; sourceTree = "<group>"; };
		25591D2F173CEC3100F5AA87 /* CoreTelephony.framework */ = {isa = PBXFileReference; lastKnownFileType = wrapper.framework; name = CoreTelephony.framework; path = System/Library/Frameworks/CoreTelephony.framework; sourceTree = SDKROOT; };
		259FA2C1173BADDC0024100D /* Talkingdata Cocos2dx Sample.app */ = {isa = PBXFileReference; explicitFileType = wrapper.application; includeInIndex = 0; path = "Talkingdata Cocos2dx Sample.app"; sourceTree = BUILT_PRODUCTS_DIR; };
		259FA2C5173BADDC0024100D /* UIKit.framework */ = {isa = PBXFileReference; lastKnownFileType = wrapper.framework; name = UIKit.framework; path = System/Library/Frameworks/UIKit.framework; sourceTree = SDKROOT; };
		259FA2C7173BADDC0024100D /* Foundation.framework */ = {isa = PBXFileReference; lastKnownFileType = wrapper.framework; name = Foundation.framework; path = System/Library/Frameworks/Foundation.framework; sourceTree = SDKROOT; };
		259FA2C9173BADDC0024100D /* CoreGraphics.framework */ = {isa = PBXFileReference; lastKnownFileType = wrapper.framework; name = CoreGraphics.framework; path = System/Library/Frameworks/CoreGraphics.framework; sourceTree = SDKROOT; };
		259FA2E7173BAE480024100D /* Talkingdata Cocos2dx Sample-Info.plist */ = {isa = PBXFileReference; lastKnownFileType = text.plist.xml; path = "Talkingdata Cocos2dx Sample-Info.plist"; sourceTree = "<group>"; };
		259FA2E8173BAE480024100D /* Talkingdata Cocos2dx Sample-Prefix.pch */ = {isa = PBXFileReference; lastKnownFileType = sourcecode.c.h; path = "Talkingdata Cocos2dx Sample-Prefix.pch"; sourceTree = "<group>"; };
		259FA2EA173BAEC10024100D /* AppDelegate.cpp */ = {isa = PBXFileReference; fileEncoding = 4; lastKnownFileType = sourcecode.cpp.cpp; path = AppDelegate.cpp; sourceTree = "<group>"; };
		259FA2EB173BAEC10024100D /* AppDelegate.h */ = {isa = PBXFileReference; fileEncoding = 4; lastKnownFileType = sourcecode.c.h; path = AppDelegate.h; sourceTree = "<group>"; };
		259FA2EC173BAEC10024100D /* AccountScene.cpp */ = {isa = PBXFileReference; fileEncoding = 4; lastKnownFileType = sourcecode.cpp.cpp; path = AccountScene.cpp; sourceTree = "<group>"; };
		259FA2ED173BAEC10024100D /* AccountScene.h */ = {isa = PBXFileReference; fileEncoding = 4; lastKnownFileType = sourcecode.c.h; path = AccountScene.h; sourceTree = "<group>"; };
		259FA2F0173BAED90024100D /* cocos2dx-talkingdata.xcodeproj */ = {isa = PBXFileReference; lastKnownFileType = "wrapper.pb-project"; name = "cocos2dx-talkingdata.xcodeproj"; path = "../../proj.ios/cocos2dx-talkingdata.xcodeproj"; sourceTree = "<group>"; };
		259FA2F9173BAEE60024100D /* cocos2dx.xcodeproj */ = {isa = PBXFileReference; lastKnownFileType = "wrapper.pb-project"; name = cocos2dx.xcodeproj; path = "../../../cocos2d-x/cocos2dx/proj.ios/cocos2dx.xcodeproj"; sourceTree = "<group>"; };
		259FA31F173BB3520024100D /* QuartzCore.framework */ = {isa = PBXFileReference; lastKnownFileType = wrapper.framework; name = QuartzCore.framework; path = System/Library/Frameworks/QuartzCore.framework; sourceTree = SDKROOT; };
		259FA321173BB36E0024100D /* libxml2.dylib */ = {isa = PBXFileReference; lastKnownFileType = "compiled.mach-o.dylib"; name = libxml2.dylib; path = usr/lib/libxml2.dylib; sourceTree = SDKROOT; };
		259FA323173BB3850024100D /* libz.dylib */ = {isa = PBXFileReference; lastKnownFileType = "compiled.mach-o.dylib"; name = libz.dylib; path = usr/lib/libz.dylib; sourceTree = SDKROOT; };
		25DC1EF61740D4B20075DF12 /* close_normal.png */ = {isa = PBXFileReference; lastKnownFileType = image.png; path = close_normal.png; sourceTree = "<group>"; };
		25DC1EF71740D4B20075DF12 /* close_pressed.png */ = {isa = PBXFileReference; lastKnownFileType = image.png; path = close_pressed.png; sourceTree = "<group>"; };
		25DC1F071740DF6B0075DF12 /* Icon-57.png */ = {isa = PBXFileReference; lastKnownFileType = image.png; path = "Icon-57.png"; sourceTree = "<group>"; };
		25DC1F081740DF6B0075DF12 /* Icon-72.png */ = {isa = PBXFileReference; lastKnownFileType = image.png; path = "Icon-72.png"; sourceTree = "<group>"; };
		25DC1F091740DF6B0075DF12 /* Icon-114.png */ = {isa = PBXFileReference; lastKnownFileType = image.png; path = "Icon-114.png"; sourceTree = "<group>"; };
		25DC1F0A1740DF6B0075DF12 /* Icon-144.png */ = {isa = PBXFileReference; lastKnownFileType = image.png; path = "Icon-144.png"; sourceTree = "<group>"; };
		25DC1F0F1740EF830075DF12 /* b1.png */ = {isa = PBXFileReference; lastKnownFileType = image.png; path = b1.png; sourceTree = "<group>"; };
		25DC1F101740EF830075DF12 /* b2.png */ = {isa = PBXFileReference; lastKnownFileType = image.png; path = b2.png; sourceTree = "<group>"; };
		25DC1F111740EF830075DF12 /* f1.png */ = {isa = PBXFileReference; lastKnownFileType = image.png; path = f1.png; sourceTree = "<group>"; };
		25DC1F121740EF830075DF12 /* f2.png */ = {isa = PBXFileReference; lastKnownFileType = image.png; path = f2.png; sourceTree = "<group>"; };
		25DC1F5B1742185E0075DF12 /* ItemScene.cpp */ = {isa = PBXFileReference; fileEncoding = 4; lastKnownFileType = sourcecode.cpp.cpp; path = ItemScene.cpp; sourceTree = "<group>"; };
		25DC1F5C1742185E0075DF12 /* ItemScene.h */ = {isa = PBXFileReference; fileEncoding = 4; lastKnownFileType = sourcecode.c.h; path = ItemScene.h; sourceTree = "<group>"; };
		25DC1F5D1742185E0075DF12 /* MissionScene.cpp */ = {isa = PBXFileReference; fileEncoding = 4; lastKnownFileType = sourcecode.cpp.cpp; path = MissionScene.cpp; sourceTree = "<group>"; };
		25DC1F5E1742185E0075DF12 /* MissionScene.h */ = {isa = PBXFileReference; fileEncoding = 4; lastKnownFileType = sourcecode.c.h; path = MissionScene.h; sourceTree = "<group>"; };
		25DC1F5F1742185E0075DF12 /* VirtualCurrencyScene.cpp */ = {isa = PBXFileReference; fileEncoding = 4; lastKnownFileType = sourcecode.cpp.cpp; path = VirtualCurrencyScene.cpp; sourceTree = "<group>"; };
		25DC1F601742185E0075DF12 /* VirtualCurrencyScene.h */ = {isa = PBXFileReference; fileEncoding = 4; lastKnownFileType = sourcecode.c.h; path = VirtualCurrencyScene.h; sourceTree = "<group>"; };
/* End PBXFileReference section */

/* Begin PBXFrameworksBuildPhase section */
		259FA2BE173BADDC0024100D /* Frameworks */ = {
			isa = PBXFrameworksBuildPhase;
			buildActionMask = 2147483647;
			files = (
				25413AD817439E84001A4694 /* AdSupport.framework in Frameworks */,
				25413AD617439C6A001A4694 /* libcocos2dx-talkingdata.a in Frameworks */,
				25413A6B17438C90001A4694 /* libcocos2dx.a in Frameworks */,
				25591D30173CEC3100F5AA87 /* CoreTelephony.framework in Frameworks */,
				25591CE5173CD89700F5AA87 /* OpenGLES.framework in Frameworks */,
				259FA324173BB3850024100D /* libz.dylib in Frameworks */,
				259FA322173BB36E0024100D /* libxml2.dylib in Frameworks */,
				259FA320173BB3520024100D /* QuartzCore.framework in Frameworks */,
				259FA2C6173BADDC0024100D /* UIKit.framework in Frameworks */,
				259FA2C8173BADDC0024100D /* Foundation.framework in Frameworks */,
				259FA2CA173BADDC0024100D /* CoreGraphics.framework in Frameworks */,
			);
			runOnlyForDeploymentPostprocessing = 0;
		};
/* End PBXFrameworksBuildPhase section */

/* Begin PBXGroup section */
		25413AD117439C62001A4694 /* Products */ = {
			isa = PBXGroup;
			children = (
				25413AD517439C62001A4694 /* libcocos2dx-talkingdata.a */,
			);
			name = Products;
			sourceTree = "<group>";
		};
		25591CFB173CD9A500F5AA87 /* ios */ = {
			isa = PBXGroup;
			children = (
				25591CFC173CD9A500F5AA87 /* AppController.h */,
				25591CFD173CD9A500F5AA87 /* AppController.mm */,
				25591CFE173CD9A500F5AA87 /* main.m */,
				25591CFF173CD9A500F5AA87 /* RootViewController.h */,
				25591D00173CD9A500F5AA87 /* RootViewController.mm */,
			);
			path = ios;
			sourceTree = "<group>";
		};
		25591D01173CD9A500F5AA87 /* Resources */ = {
			isa = PBXGroup;
			children = (
				25DC1F0F1740EF830075DF12 /* b1.png */,
				25DC1F101740EF830075DF12 /* b2.png */,
				25DC1F111740EF830075DF12 /* f1.png */,
				25DC1F121740EF830075DF12 /* f2.png */,
				25DC1F071740DF6B0075DF12 /* Icon-57.png */,
				25DC1F081740DF6B0075DF12 /* Icon-72.png */,
				25DC1F091740DF6B0075DF12 /* Icon-114.png */,
				25DC1F0A1740DF6B0075DF12 /* Icon-144.png */,
				25DC1EF61740D4B20075DF12 /* close_normal.png */,
				25DC1EF71740D4B20075DF12 /* close_pressed.png */,
				25591D02173CD9A500F5AA87 /* Default-568h@2x.png */,
				25591D03173CD9A500F5AA87 /* Default.png */,
				25591D04173CD9A500F5AA87 /* Default@2x.png */,
			);
			path = Resources;
			sourceTree = "<group>";
		};
		259FA2B6173BADDC0024100D = {
			isa = PBXGroup;
			children = (
				259FA2F9173BAEE60024100D /* cocos2dx.xcodeproj */,
				259FA2F0173BAED90024100D /* cocos2dx-talkingdata.xcodeproj */,
				259FA2E9173BAEC10024100D /* Classes */,
				259FA2E7173BAE480024100D /* Talkingdata Cocos2dx Sample-Info.plist */,
				259FA2E8173BAE480024100D /* Talkingdata Cocos2dx Sample-Prefix.pch */,
				259FA2C4173BADDC0024100D /* Frameworks */,
				259FA2C2173BADDC0024100D /* Products */,
				25591D01173CD9A500F5AA87 /* Resources */,
				25591CFB173CD9A500F5AA87 /* ios */,
			);
			sourceTree = "<group>";
		};
		259FA2C2173BADDC0024100D /* Products */ = {
			isa = PBXGroup;
			children = (
				259FA2C1173BADDC0024100D /* Talkingdata Cocos2dx Sample.app */,
			);
			name = Products;
			sourceTree = "<group>";
		};
		259FA2C4173BADDC0024100D /* Frameworks */ = {
			isa = PBXGroup;
			children = (
				25413AD717439E84001A4694 /* AdSupport.framework */,
				25591D2F173CEC3100F5AA87 /* CoreTelephony.framework */,
				25591CE4173CD89700F5AA87 /* OpenGLES.framework */,
				259FA323173BB3850024100D /* libz.dylib */,
				259FA321173BB36E0024100D /* libxml2.dylib */,
				259FA31F173BB3520024100D /* QuartzCore.framework */,
				259FA2C5173BADDC0024100D /* UIKit.framework */,
				259FA2C7173BADDC0024100D /* Foundation.framework */,
				259FA2C9173BADDC0024100D /* CoreGraphics.framework */,
			);
			name = Frameworks;
			sourceTree = "<group>";
		};
		259FA2E9173BAEC10024100D /* Classes */ = {
			isa = PBXGroup;
			children = (
				25DC1F5B1742185E0075DF12 /* ItemScene.cpp */,
				25DC1F5C1742185E0075DF12 /* ItemScene.h */,
				25DC1F5D1742185E0075DF12 /* MissionScene.cpp */,
				25DC1F5E1742185E0075DF12 /* MissionScene.h */,
				25DC1F5F1742185E0075DF12 /* VirtualCurrencyScene.cpp */,
				25DC1F601742185E0075DF12 /* VirtualCurrencyScene.h */,
				259FA2EA173BAEC10024100D /* AppDelegate.cpp */,
				259FA2EB173BAEC10024100D /* AppDelegate.h */,
				259FA2EC173BAEC10024100D /* AccountScene.cpp */,
				259FA2ED173BAEC10024100D /* AccountScene.h */,
			);
			name = Classes;
			path = ../Classes;
			sourceTree = "<group>";
		};
		259FA2FA173BAEE60024100D /* Products */ = {
			isa = PBXGroup;
			children = (
				259FA301173BAEE70024100D /* libcocos2dx.a */,
			);
			name = Products;
			sourceTree = "<group>";
		};
/* End PBXGroup section */

/* Begin PBXNativeTarget section */
		259FA2C0173BADDC0024100D /* Talkingdata Cocos2dx Sample */ = {
			isa = PBXNativeTarget;
			buildConfigurationList = 259FA2DF173BADDD0024100D /* Build configuration list for PBXNativeTarget "Talkingdata Cocos2dx Sample" */;
			buildPhases = (
				259FA2BD173BADDC0024100D /* Sources */,
				259FA2BE173BADDC0024100D /* Frameworks */,
				259FA2BF173BADDC0024100D /* Resources */,
			);
			buildRules = (
			);
			dependencies = (
				25413AAE174394DF001A4694 /* PBXTargetDependency */,
			);
			name = "Talkingdata Cocos2dx Sample";
			productName = "Talkingdata Cocos2dx Sample";
			productReference = 259FA2C1173BADDC0024100D /* Talkingdata Cocos2dx Sample.app */;
			productType = "com.apple.product-type.application";
		};
/* End PBXNativeTarget section */

/* Begin PBXProject section */
		259FA2B8173BADDC0024100D /* Project object */ = {
			isa = PBXProject;
			attributes = {
				LastUpgradeCheck = 0450;
				ORGANIZATIONNAME = Talkingdata;
			};
			buildConfigurationList = 259FA2BB173BADDC0024100D /* Build configuration list for PBXProject "Talkingdata Cocos2dx Sample" */;
			compatibilityVersion = "Xcode 3.2";
			developmentRegion = English;
			hasScannedForEncodings = 0;
			knownRegions = (
				en,
			);
			mainGroup = 259FA2B6173BADDC0024100D;
			productRefGroup = 259FA2C2173BADDC0024100D /* Products */;
			projectDirPath = "";
			projectReferences = (
				{
					ProductGroup = 25413AD117439C62001A4694 /* Products */;
					ProjectRef = 259FA2F0173BAED90024100D /* cocos2dx-talkingdata.xcodeproj */;
				},
				{
					ProductGroup = 259FA2FA173BAEE60024100D /* Products */;
					ProjectRef = 259FA2F9173BAEE60024100D /* cocos2dx.xcodeproj */;
				},
			);
			projectRoot = "";
			targets = (
				259FA2C0173BADDC0024100D /* Talkingdata Cocos2dx Sample */,
			);
		};
/* End PBXProject section */

/* Begin PBXReferenceProxy section */
		25413AD517439C62001A4694 /* libcocos2dx-talkingdata.a */ = {
			isa = PBXReferenceProxy;
			fileType = archive.ar;
			path = "libcocos2dx-talkingdata.a";
			remoteRef = 25413AD417439C62001A4694 /* PBXContainerItemProxy */;
			sourceTree = BUILT_PRODUCTS_DIR;
		};
		259FA301173BAEE70024100D /* libcocos2dx.a */ = {
			isa = PBXReferenceProxy;
			fileType = archive.ar;
			path = libcocos2dx.a;
			remoteRef = 259FA300173BAEE70024100D /* PBXContainerItemProxy */;
			sourceTree = BUILT_PRODUCTS_DIR;
		};
/* End PBXReferenceProxy section */

/* Begin PBXResourcesBuildPhase section */
		259FA2BF173BADDC0024100D /* Resources */ = {
			isa = PBXResourcesBuildPhase;
			buildActionMask = 2147483647;
			files = (
				25591D08173CD9A500F5AA87 /* Default-568h@2x.png in Resources */,
				25591D09173CD9A500F5AA87 /* Default.png in Resources */,
				25591D0A173CD9A500F5AA87 /* Default@2x.png in Resources */,
				25DC1EF81740D4B20075DF12 /* close_normal.png in Resources */,
				25DC1EF91740D4B20075DF12 /* close_pressed.png in Resources */,
				25DC1F0B1740DF6B0075DF12 /* Icon-57.png in Resources */,
				25DC1F0C1740DF6B0075DF12 /* Icon-72.png in Resources */,
				25DC1F0D1740DF6B0075DF12 /* Icon-114.png in Resources */,
				25DC1F0E1740DF6B0075DF12 /* Icon-144.png in Resources */,
				25DC1F131740EF830075DF12 /* b1.png in Resources */,
				25DC1F141740EF830075DF12 /* b2.png in Resources */,
				25DC1F151740EF830075DF12 /* f1.png in Resources */,
				25DC1F161740EF830075DF12 /* f2.png in Resources */,
			);
			runOnlyForDeploymentPostprocessing = 0;
		};
/* End PBXResourcesBuildPhase section */

/* Begin PBXSourcesBuildPhase section */
		259FA2BD173BADDC0024100D /* Sources */ = {
			isa = PBXSourcesBuildPhase;
			buildActionMask = 2147483647;
			files = (
				259FA2EE173BAEC10024100D /* AppDelegate.cpp in Sources */,
				259FA2EF173BAEC10024100D /* AccountScene.cpp in Sources */,
				25591D05173CD9A500F5AA87 /* AppController.mm in Sources */,
				25591D06173CD9A500F5AA87 /* main.m in Sources */,
				25591D07173CD9A500F5AA87 /* RootViewController.mm in Sources */,
				25DC1F621742185E0075DF12 /* MissionScene.cpp in Sources */,
				25DC1F631742185E0075DF12 /* VirtualCurrencyScene.cpp in Sources */,
				25413A7617439006001A4694 /* ItemScene.cpp in Sources */,
			);
			runOnlyForDeploymentPostprocessing = 0;
		};
/* End PBXSourcesBuildPhase section */

/* Begin PBXTargetDependency section */
		25413AAE174394DF001A4694 /* PBXTargetDependency */ = {
			isa = PBXTargetDependency;
			name = cocos2dx;
			targetProxy = 25413AAD174394DF001A4694 /* PBXContainerItemProxy */;
		};
/* End PBXTargetDependency section */

/* Begin XCBuildConfiguration section */
		259FA2DD173BADDD0024100D /* Debug */ = {
			isa = XCBuildConfiguration;
			buildSettings = {
				ALWAYS_SEARCH_USER_PATHS = NO;
				CLANG_CXX_LANGUAGE_STANDARD = "compiler-default";
				CLANG_CXX_LIBRARY = "compiler-default";
				CLANG_WARN_EMPTY_BODY = YES;
				CLANG_WARN__DUPLICATE_METHOD_MATCH = NO;
				"CODE_SIGN_IDENTITY[sdk=iphoneos*]" = "iPhone Developer";
				COPY_PHASE_STRIP = YES;
				GCC_C_LANGUAGE_STANDARD = gnu99;
				GCC_DYNAMIC_NO_PIC = NO;
				GCC_OPTIMIZATION_LEVEL = 0;
				GCC_PREPROCESSOR_DEFINITIONS = (
					"DEBUG=1",
					"$(inherited)",
				);
				GCC_SYMBOLS_PRIVATE_EXTERN = NO;
				GCC_VERSION = "";
				GCC_WARN_ABOUT_RETURN_TYPE = YES;
				GCC_WARN_UNINITIALIZED_AUTOS = YES;
				GCC_WARN_UNUSED_VARIABLE = YES;
				HEADER_SEARCH_PATHS = (
					"\"$(SDKROOT)/usr/include/libxml2/\"",
					"\"$(SRCROOT)/../../../cocos2d-x/cocos2dx/include\"",
					"\"$(SRCROOT)/../../../cocos2d-x/cocos2dx\"",
					"\"$(SRCROOT)/../../../cocos2d-x/cocos2dx/platform/ios\"",
					"\"$(SRCROOT)/../../../cocos2d-x/cocos2dx/kazmath/include\"",
					"\"$(SRCROOT)/../../include\"",
				);
				INFOPLIST_FILE = "Talkingdata Cocos2dx Sample-Info.plist";
				IPHONEOS_DEPLOYMENT_TARGET = 5.1;
				LIBRARY_SEARCH_PATHS = (
					"\"$(SRCROOT)/../../platform/ios\"",
					"$(inherited)",
				);
				OTHER_LDFLAGS = "-ObjC";
				PRODUCT_NAME = "Talkingdata Cocos2dx Sample";
				SDKROOT = iphoneos;
				TARGETED_DEVICE_FAMILY = 1;
				USER_HEADER_SEARCH_PATHS = "";
				VALID_ARCHS = armv7;
			};
			name = Debug;
		};
		259FA2DE173BADDD0024100D /* Release */ = {
			isa = XCBuildConfiguration;
			buildSettings = {
				ALWAYS_SEARCH_USER_PATHS = NO;
				CLANG_CXX_LANGUAGE_STANDARD = "compiler-default";
				CLANG_CXX_LIBRARY = "compiler-default";
				CLANG_WARN_EMPTY_BODY = YES;
				CLANG_WARN__DUPLICATE_METHOD_MATCH = NO;
				"CODE_SIGN_IDENTITY[sdk=iphoneos*]" = "iPhone Developer";
				COPY_PHASE_STRIP = YES;
				GCC_C_LANGUAGE_STANDARD = gnu99;
				GCC_VERSION = "";
				GCC_WARN_ABOUT_RETURN_TYPE = YES;
				GCC_WARN_UNINITIALIZED_AUTOS = YES;
				GCC_WARN_UNUSED_VARIABLE = YES;
				HEADER_SEARCH_PATHS = (
					"\"$(SDKROOT)/usr/include/libxml2/\"",
					"\"$(SRCROOT)/../../../cocos2d-x/cocos2dx/include\"",
					"\"$(SRCROOT)/../../../cocos2d-x/cocos2dx\"",
					"\"$(SRCROOT)/../../../cocos2d-x/cocos2dx/platform/ios\"",
					"\"$(SRCROOT)/../../../cocos2d-x/cocos2dx/kazmath/include\"",
					"\"$(SRCROOT)/../../include\"",
				);
				INFOPLIST_FILE = "Talkingdata Cocos2dx Sample-Info.plist";
				IPHONEOS_DEPLOYMENT_TARGET = 5.1;
				LIBRARY_SEARCH_PATHS = (
					"\"$(SRCROOT)/../../platform/ios\"",
					"$(inherited)",
				);
				OTHER_CFLAGS = "-DNS_BLOCK_ASSERTIONS=1";
				OTHER_LDFLAGS = "-ObjC";
				PRODUCT_NAME = "Talkingdata Cocos2dx Sample";
				SDKROOT = iphoneos;
				TARGETED_DEVICE_FAMILY = 1;
				USER_HEADER_SEARCH_PATHS = "";
				VALIDATE_PRODUCT = YES;
				VALID_ARCHS = armv7;
			};
			name = Release;
		};
		259FA2E0173BADDD0024100D /* Debug */ = {
			isa = XCBuildConfiguration;
			buildSettings = {
				ARCHS = "$(ARCHS_STANDARD_32_BIT)";
				CLANG_CXX_LANGUAGE_STANDARD = "compiler-default";
				COPY_PHASE_STRIP = NO;
				GCC_GENERATE_DEBUGGING_SYMBOLS = YES;
				GCC_PRECOMPILE_PREFIX_HEADER = YES;
				GCC_PREFIX_HEADER = "Talkingdata Cocos2dx Sample-Prefix.pch";
				GCC_PREPROCESSOR_DEFINITIONS = (
					USE_FILE32API,
					CC_TARGET_OS_IPHONE,
					"COCOS2D_DEBUG=1",
				);
				INFOPLIST_FILE = "$(SRCROOT)/Talkingdata Cocos2dx Sample-Info.plist";
				ONLY_ACTIVE_ARCH = NO;
				PRODUCT_NAME = "$(TARGET_NAME)";
				TARGETED_DEVICE_FAMILY = 1;
				VALID_ARCHS = armv7;
				WRAPPER_EXTENSION = app;
			};
			name = Debug;
		};
		259FA2E1173BADDD0024100D /* Release */ = {
			isa = XCBuildConfiguration;
			buildSettings = {
				ARCHS = "$(ARCHS_STANDARD_32_BIT)";
				CLANG_CXX_LANGUAGE_STANDARD = "compiler-default";
				GCC_GENERATE_DEBUGGING_SYMBOLS = YES;
				GCC_PRECOMPILE_PREFIX_HEADER = YES;
				GCC_PREFIX_HEADER = "Talkingdata Cocos2dx Sample-Prefix.pch";
				GCC_PREPROCESSOR_DEFINITIONS = (
					USE_FILE32API,
					CC_TARGET_OS_IPHONE,
				);
				INFOPLIST_FILE = "$(SRCROOT)/Talkingdata Cocos2dx Sample-Info.plist";
				LLVM_LTO = NO;
				ONLY_ACTIVE_ARCH = NO;
				PRODUCT_NAME = "$(TARGET_NAME)";
				TARGETED_DEVICE_FAMILY = 1;
				VALID_ARCHS = armv7;
				WRAPPER_EXTENSION = app;
			};
			name = Release;
		};
/* End XCBuildConfiguration section */

/* Begin XCConfigurationList section */
		259FA2BB173BADDC0024100D /* Build configuration list for PBXProject "Talkingdata Cocos2dx Sample" */ = {
			isa = XCConfigurationList;
			buildConfigurations = (
				259FA2DD173BADDD0024100D /* Debug */,
				259FA2DE173BADDD0024100D /* Release */,
			);
			defaultConfigurationIsVisible = 0;
			defaultConfigurationName = Release;
		};
		259FA2DF173BADDD0024100D /* Build configuration list for PBXNativeTarget "Talkingdata Cocos2dx Sample" */ = {
			isa = XCConfigurationList;
			buildConfigurations = (
				259FA2E0173BADDD0024100D /* Debug */,
				259FA2E1173BADDD0024100D /* Release */,
			);
			defaultConfigurationIsVisible = 0;
			defaultConfigurationName = Release;
		};
/* End XCConfigurationList section */
	};
	rootObject = 259FA2B8173BADDC0024100D /* Project object */;
}
